
Microsoft Visual Studio Solution File, Format Version 12.00
# Visual Studio 15
VisualStudioVersion = 15.0.27428.2011
MinimumVisualStudioVersion = 10.0.40219.1
Project("{9A19103F-16F7-4668-BE54-9A1E7A4F7556}") = "ToDoList.WebAPI", "ToDoList.WebAPI\ToDoList.WebAPI.csproj", "{A5C24239-5C17-4775-ABF2-34D913F73801}"
EndProject
Project("{9A19103F-16F7-4668-BE54-9A1E7A4F7556}") = "ToDoList.Entities", "ToDoList.Entities\ToDoList.Entities.csproj", "{1847427F-16FD-4BAD-AF21-45BE2C46097C}"
EndProject
Project("{2150E333-8FDC-42A3-9474-1A3956D46DE8}") = "Source", "Source", "{F886E64F-2EBE-492F-990C-CA12EC43CD4A}"
EndProject
Project("{2150E333-8FDC-42A3-9474-1A3956D46DE8}") = "Tests", "Tests", "{B914C2D0-2077-4CE2-A498-E85993B3C469}"
EndProject
Project("{9A19103F-16F7-4668-BE54-9A1E7A4F7556}") = "ToDoList.DAL", "ToDoList.DAL\ToDoList.DAL.csproj", "{0E6AE9AA-7FB8-4DDF-9A0F-2D53143EB64E}"
EndProject
Project("{FAE04EC0-301F-11D3-BF4B-00C04F79EFBC}") = "ToDoList.Tests.WebAPI", "ToDoList.Tests.WebAPI\ToDoList.Tests.WebAPI.csproj", "{1A9A1166-024C-4E19-8C19-688BF751CDED}"
EndProject
Project("{FAE04EC0-301F-11D3-BF4B-00C04F79EFBC}") = "ToDoList.Tests.DAL", "ToDoList.Tests.DAL\ToDoList.Tests.DAL.csproj", "{2D442003-7D93-41D3-AF59-A5059AA89F34}"
EndProject
Global
	GlobalSection(SolutionConfigurationPlatforms) = preSolution
		Debug|Any CPU = Debug|Any CPU
		Release|Any CPU = Release|Any CPU
	EndGlobalSection
	GlobalSection(ProjectConfigurationPlatforms) = postSolution
		{A5C24239-5C17-4775-ABF2-34D913F73801}.Debug|Any CPU.ActiveCfg = Debug|Any CPU
		{A5C24239-5C17-4775-ABF2-34D913F73801}.Debug|Any CPU.Build.0 = Debug|Any CPU
		{A5C24239-5C17-4775-ABF2-34D913F73801}.Release|Any CPU.ActiveCfg = Release|Any CPU
		{A5C24239-5C17-4775-ABF2-34D913F73801}.Release|Any CPU.Build.0 = Release|Any CPU
		{1847427F-16FD-4BAD-AF21-45BE2C46097C}.Debug|Any CPU.ActiveCfg = Debug|Any CPU
		{1847427F-16FD-4BAD-AF21-45BE2C46097C}.Debug|Any CPU.Build.0 = Debug|Any CPU
		{1847427F-16FD-4BAD-AF21-45BE2C46097C}.Release|Any CPU.ActiveCfg = Release|Any CPU
		{1847427F-16FD-4BAD-AF21-45BE2C46097C}.Release|Any CPU.Build.0 = Release|Any CPU
		{0E6AE9AA-7FB8-4DDF-9A0F-2D53143EB64E}.Debug|Any CPU.ActiveCfg = Debug|Any CPU
		{0E6AE9AA-7FB8-4DDF-9A0F-2D53143EB64E}.Debug|Any CPU.Build.0 = Debug|Any CPU
		{0E6AE9AA-7FB8-4DDF-9A0F-2D53143EB64E}.Release|Any CPU.ActiveCfg = Release|Any CPU
		{0E6AE9AA-7FB8-4DDF-9A0F-2D53143EB64E}.Release|Any CPU.Build.0 = Release|Any CPU
		{1A9A1166-024C-4E19-8C19-688BF751CDED}.Debug|Any CPU.ActiveCfg = Debug|Any CPU
		{1A9A1166-024C-4E19-8C19-688BF751CDED}.Debug|Any CPU.Build.0 = Debug|Any CPU
		{1A9A1166-024C-4E19-8C19-688BF751CDED}.Release|Any CPU.ActiveCfg = Release|Any CPU
		{1A9A1166-024C-4E19-8C19-688BF751CDED}.Release|Any CPU.Build.0 = Release|Any CPU
		{2D442003-7D93-41D3-AF59-A5059AA89F34}.Debug|Any CPU.ActiveCfg = Debug|Any CPU
		{2D442003-7D93-41D3-AF59-A5059AA89F34}.Debug|Any CPU.Build.0 = Debug|Any CPU
		{2D442003-7D93-41D3-AF59-A5059AA89F34}.Release|Any CPU.ActiveCfg = Release|Any CPU
		{2D442003-7D93-41D3-AF59-A5059AA89F34}.Release|Any CPU.Build.0 = Release|Any CPU
	EndGlobalSection
	GlobalSection(SolutionProperties) = preSolution
		HideSolutionNode = FALSE
	EndGlobalSection
	GlobalSection(NestedProjects) = preSolution
		{A5C24239-5C17-4775-ABF2-34D913F73801} = {F886E64F-2EBE-492F-990C-CA12EC43CD4A}
		{1847427F-16FD-4BAD-AF21-45BE2C46097C} = {F886E64F-2EBE-492F-990C-CA12EC43CD4A}
		{0E6AE9AA-7FB8-4DDF-9A0F-2D53143EB64E} = {F886E64F-2EBE-492F-990C-CA12EC43CD4A}
		{1A9A1166-024C-4E19-8C19-688BF751CDED} = {B914C2D0-2077-4CE2-A498-E85993B3C469}
		{2D442003-7D93-41D3-AF59-A5059AA89F34} = {B914C2D0-2077-4CE2-A498-E85993B3C469}
	EndGlobalSection
	GlobalSection(ExtensibilityGlobals) = postSolution
		SolutionGuid = {D3980AF1-6C5D-4DF7-B29C-C2552C75CD52}
	EndGlobalSection
EndGlobal
